
Microsoft Visual Studio Solution File, Format Version 12.00
# Visual Studio Version 17
VisualStudioVersion = 17.9.34622.214
MinimumVisualStudioVersion = 10.0.40219.1
Project("{9A19103F-16F7-4668-BE54-9A1E7A4F7556}") = "Network_Window", "Network_Window.csproj", "{3571D2D5-0155-4377-9D11-EB2C822DAAC3}"
EndProject
Global
	GlobalSection(SolutionConfigurationPlatforms) = preSolution
		Debug|Any CPU = Debug|Any CPU
		Release|Any CPU = Release|Any CPU
	EndGlobalSection
	GlobalSection(ProjectConfigurationPlatforms) = postSolution
		{3571D2D5-0155-4377-9D11-EB2C822DAAC3}.Debug|Any CPU.ActiveCfg = Debug|Any CPU
		{3571D2D5-0155-4377-9D11-EB2C822DAAC3}.Debug|Any CPU.Build.0 = Debug|Any CPU
		{3571D2D5-0155-4377-9D11-EB2C822DAAC3}.Release|Any CPU.ActiveCfg = Release|Any CPU
		{3571D2D5-0155-4377-9D11-EB2C822DAAC3}.Release|Any CPU.Build.0 = Release|Any CPU
	EndGlobalSection
	GlobalSection(SolutionProperties) = preSolution
		HideSolutionNode = FALSE
	EndGlobalSection
	GlobalSection(ExtensibilityGlobals) = postSolution
		SolutionGuid = {7C42E592-6D70-46A9-8B40-96CEF44BB8BC}
	EndGlobalSection
EndGlobal
